
Microsoft Visual Studio Solution File, Format Version 12.00
# Visual Studio Version 17
VisualStudioVersion = 17.1.31911.260
MinimumVisualStudioVersion = 10.0.40219.1
Project("{FAE04EC0-301F-11D3-BF4B-00C04F79EFBC}") = "AspNetCoreMiddleware", "AspNetCoreMiddleware.csproj", "{B9F4D9C6-0EC8-4713-812B-FFA6FDDFDF1F}"
EndProject
Global
	GlobalSection(SolutionConfigurationPlatforms) = preSolution
		Debug|Any CPU = Debug|Any CPU
		Release|Any CPU = Release|Any CPU
	EndGlobalSection
	GlobalSection(ProjectConfigurationPlatforms) = postSolution
		{B9F4D9C6-0EC8-4713-812B-FFA6FDDFDF1F}.Debug|Any CPU.ActiveCfg = Debug|Any CPU
		{B9F4D9C6-0EC8-4713-812B-FFA6FDDFDF1F}.Debug|Any CPU.Build.0 = Debug|Any CPU
		{B9F4D9C6-0EC8-4713-812B-FFA6FDDFDF1F}.Release|Any CPU.ActiveCfg = Release|Any CPU
		{B9F4D9C6-0EC8-4713-812B-FFA6FDDFDF1F}.Release|Any CPU.Build.0 = Release|Any CPU
	EndGlobalSection
	GlobalSection(SolutionProperties) = preSolution
		HideSolutionNode = FALSE
	EndGlobalSection
	GlobalSection(ExtensibilityGlobals) = postSolution
		SolutionGuid = {45C08C13-C2EF-4ADB-A292-E02FB08F4EEA}
	EndGlobalSection
EndGlobal
